
Microsoft Visual Studio Solution File, Format Version 12.00
# Visual Studio Version 17
VisualStudioVersion = 17.14.36202.13
MinimumVisualStudioVersion = 10.0.40219.1
Project("{FAE04EC0-301F-11D3-BF4B-00C04F79EFBC}") = "👉 ImportacionesPeru.Asistencias", "👉 ImportacionesPeru.Asistencias\👉 ImportacionesPeru.Asistencias.csproj", "{1B571073-588B-4FEF-B460-BE48B6835C95}"
EndProject
Global
	GlobalSection(SolutionConfigurationPlatforms) = preSolution
		Debug|Any CPU = Debug|Any CPU
		Release|Any CPU = Release|Any CPU
	EndGlobalSection
	GlobalSection(ProjectConfigurationPlatforms) = postSolution
		{1B571073-588B-4FEF-B460-BE48B6835C95}.Debug|Any CPU.ActiveCfg = Debug|Any CPU
		{1B571073-588B-4FEF-B460-BE48B6835C95}.Debug|Any CPU.Build.0 = Debug|Any CPU
		{1B571073-588B-4FEF-B460-BE48B6835C95}.Release|Any CPU.ActiveCfg = Release|Any CPU
		{1B571073-588B-4FEF-B460-BE48B6835C95}.Release|Any CPU.Build.0 = Release|Any CPU
	EndGlobalSection
	GlobalSection(SolutionProperties) = preSolution
		HideSolutionNode = FALSE
	EndGlobalSection
	GlobalSection(ExtensibilityGlobals) = postSolution
		SolutionGuid = {F9CF5959-C2D1-4D5A-9D0D-7F15E5C2C28B}
	EndGlobalSection
EndGlobal
